
Microsoft Visual Studio Solution File, Format Version 12.00
# Visual Studio 14
VisualStudioVersion = 14.0.25420.1
MinimumVisualStudioVersion = 10.0.40219.1
Project("{FAE04EC0-301F-11D3-BF4B-00C04F79EFBC}") = "EDOSLVS", "EDOSLVS.csproj", "{7F534F46-64D1-4DA8-8E87-6F2395059C93}"
EndProject
Global
	GlobalSection(SolutionConfigurationPlatforms) = preSolution
		Debug|Any CPU = Debug|Any CPU
		Release|Any CPU = Release|Any CPU
	EndGlobalSection
	GlobalSection(ProjectConfigurationPlatforms) = postSolution
		{7F534F46-64D1-4DA8-8E87-6F2395059C93}.Debug|Any CPU.ActiveCfg = Debug|Any CPU
		{7F534F46-64D1-4DA8-8E87-6F2395059C93}.Debug|Any CPU.Build.0 = Debug|Any CPU
		{7F534F46-64D1-4DA8-8E87-6F2395059C93}.Release|Any CPU.ActiveCfg = Release|Any CPU
		{7F534F46-64D1-4DA8-8E87-6F2395059C93}.Release|Any CPU.Build.0 = Release|Any CPU
	EndGlobalSection
	GlobalSection(SolutionProperties) = preSolution
		HideSolutionNode = FALSE
	EndGlobalSection
EndGlobal
